# This file was autogenerated by Stack.
# You should not edit this file by hand.
# For more information, please see the documentation at:
#   https://docs.haskellstack.org/en/stable/lock_files

packages:
- completed:
    hackage: wai-handler-hal-0.4.0.0@sha256:4080246cd370d244e237ead3206107f144896fb09befc4543e1a932d8c5c8a4e,3061
    pantry-tree:
      sha256: 77a3a1e0e054bef05a87a58eb402e12a1197e71c64e2bd460fcecb774dd415bb
      size: 595
  original:
    hackage: wai-handler-hal-0.4.0.0
snapshots:
- completed:
    sha256: 48ac4445a1906866c846cd2a3a9c28fcdf3b2066237e49405dbe56ce1974a043
    size: 713334
    url: https://raw.githubusercontent.com/commercialhaskell/stackage-snapshots/master/lts/22/14.yaml
  original: lts-22.14
